// !$*UTF8*$!
{
	archiveVersion = 1;
	classes = {
	};
	objectVersion = 46;
	objects = {

/* Begin PBXBuildFile section */
		B0301B561D9D50CF00B95474 /* main.m in Sources */ = {isa = PBXBuildFile; fileRef = B0301B551D9D50CF00B95474 /* main.m */; };
		B0301B591D9D50CF00B95474 /* AppDelegate.m in Sources */ = {isa = PBXBuildFile; fileRef = B0301B581D9D50CF00B95474 /* AppDelegate.m */; };
		B0301B5C1D9D50CF00B95474 /* LoginController.m in Sources */ = {isa = PBXBuildFile; fileRef = B0301B5B1D9D50CF00B95474 /* LoginController.m */; };
		B0301B5F1D9D50CF00B95474 /* Main.storyboard in Resources */ = {isa = PBXBuildFile; fileRef = B0301B5D1D9D50CF00B95474 /* Main.storyboard */; };
		B0301B611D9D50CF00B95474 /* Images.xcassets in Resources */ = {isa = PBXBuildFile; fileRef = B0301B601D9D50CF00B95474 /* Images.xcassets */; };
		B0301B641D9D50CF00B95474 /* LaunchScreen.xib in Resources */ = {isa = PBXBuildFile; fileRef = B0301B621D9D50CF00B95474 /* LaunchScreen.xib */; };
		B0301B701D9D50D000B95474 /* AudibleTests.m in Sources */ = {isa = PBXBuildFile; fileRef = B0301B6F1D9D50D000B95474 /* AudibleTests.m */; };
		B0301B941D9D513200B95474 /* MASCompositeConstraint.m in Sources */ = {isa = PBXBuildFile; fileRef = B0301B7C1D9D513200B95474 /* MASCompositeConstraint.m */; };
		B0301B951D9D513200B95474 /* MASConstraint.m in Sources */ = {isa = PBXBuildFile; fileRef = B0301B7E1D9D513200B95474 /* MASConstraint.m */; };
		B0301B961D9D513200B95474 /* MASConstraintMaker.m in Sources */ = {isa = PBXBuildFile; fileRef = B0301B811D9D513200B95474 /* MASConstraintMaker.m */; };
		B0301B971D9D513200B95474 /* MASLayoutConstraint.m in Sources */ = {isa = PBXBuildFile; fileRef = B0301B831D9D513200B95474 /* MASLayoutConstraint.m */; };
		B0301B981D9D513200B95474 /* MASViewAttribute.m in Sources */ = {isa = PBXBuildFile; fileRef = B0301B871D9D513200B95474 /* MASViewAttribute.m */; };
		B0301B991D9D513200B95474 /* MASViewConstraint.m in Sources */ = {isa = PBXBuildFile; fileRef = B0301B891D9D513200B95474 /* MASViewConstraint.m */; };
		B0301B9A1D9D513200B95474 /* NSArray+MASAdditions.m in Sources */ = {isa = PBXBuildFile; fileRef = B0301B8B1D9D513200B95474 /* NSArray+MASAdditions.m */; };
		B0301B9B1D9D513200B95474 /* NSLayoutConstraint+MASDebugAdditions.m in Sources */ = {isa = PBXBuildFile; fileRef = B0301B8E1D9D513200B95474 /* NSLayoutConstraint+MASDebugAdditions.m */; };
		B0301B9C1D9D513200B95474 /* View+MASAdditions.m in Sources */ = {isa = PBXBuildFile; fileRef = B0301B901D9D513200B95474 /* View+MASAdditions.m */; };
		B0301B9D1D9D513200B95474 /* ViewController+MASAdditions.m in Sources */ = {isa = PBXBuildFile; fileRef = B0301B931D9D513200B95474 /* ViewController+MASAdditions.m */; };
		B0301BA31D9D566400B95474 /* PageCell.m in Sources */ = {isa = PBXBuildFile; fileRef = B0301BA21D9D566400B95474 /* PageCell.m */; };
		B0301BA71D9D5FA200B95474 /* Page.m in Sources */ = {isa = PBXBuildFile; fileRef = B0301BA61D9D5FA200B95474 /* Page.m */; };
		B033CAA71D9FCE0D00C89856 /* MainController.m in Sources */ = {isa = PBXBuildFile; fileRef = B033CAA61D9FCE0D00C89856 /* MainController.m */; };
		B033CAAA1D9FD2D200C89856 /* HomeController.m in Sources */ = {isa = PBXBuildFile; fileRef = B033CAA91D9FD2D200C89856 /* HomeController.m */; };
		B053E5D01D9EAF81006A4FC7 /* LoginCell.m in Sources */ = {isa = PBXBuildFile; fileRef = B053E5CF1D9EAF81006A4FC7 /* LoginCell.m */; };
		B053E5D41D9EBC11006A4FC7 /* LeftPaddingTextField.m in Sources */ = {isa = PBXBuildFile; fileRef = B053E5D31D9EBC11006A4FC7 /* LeftPaddingTextField.m */; };
/* End PBXBuildFile section */

/* Begin PBXContainerItemProxy section */
		B0301B6A1D9D50D000B95474 /* PBXContainerItemProxy */ = {
			isa = PBXContainerItemProxy;
			containerPortal = B0301B481D9D50CF00B95474 /* Project object */;
			proxyType = 1;
			remoteGlobalIDString = B0301B4F1D9D50CF00B95474;
			remoteInfo = Audible;
		};
/* End PBXContainerItemProxy section */

/* Begin PBXFileReference section */
		B0301B501D9D50CF00B95474 /* Audible.app */ = {isa = PBXFileReference; explicitFileType = wrapper.application; includeInIndex = 0; path = Audible.app; sourceTree = BUILT_PRODUCTS_DIR; };
		B0301B541D9D50CF00B95474 /* Info.plist */ = {isa = PBXFileReference; lastKnownFileType = text.plist.xml; path = Info.plist; sourceTree = "<group>"; };
		B0301B551D9D50CF00B95474 /* main.m */ = {isa = PBXFileReference; lastKnownFileType = sourcecode.c.objc; path = main.m; sourceTree = "<group>"; };
		B0301B571D9D50CF00B95474 /* AppDelegate.h */ = {isa = PBXFileReference; lastKnownFileType = sourcecode.c.h; path = AppDelegate.h; sourceTree = "<group>"; };
		B0301B581D9D50CF00B95474 /* AppDelegate.m */ = {isa = PBXFileReference; lastKnownFileType = sourcecode.c.objc; path = AppDelegate.m; sourceTree = "<group>"; };
		B0301B5A1D9D50CF00B95474 /* LoginController.h */ = {isa = PBXFileReference; lastKnownFileType = sourcecode.c.h; path = LoginController.h; sourceTree = "<group>"; };
		B0301B5B1D9D50CF00B95474 /* LoginController.m */ = {isa = PBXFileReference; lastKnownFileType = sourcecode.c.objc; path = LoginController.m; sourceTree = "<group>"; };
		B0301B5E1D9D50CF00B95474 /* Base */ = {isa = PBXFileReference; lastKnownFileType = file.storyboard; name = Base; path = Base.lproj/Main.storyboard; sourceTree = "<group>"; };
		B0301B601D9D50CF00B95474 /* Images.xcassets */ = {isa = PBXFileReference; lastKnownFileType = folder.assetcatalog; path = Images.xcassets; sourceTree = "<group>"; };
		B0301B631D9D50CF00B95474 /* Base */ = {isa = PBXFileReference; lastKnownFileType = file.xib; name = Base; path = Base.lproj/LaunchScreen.xib; sourceTree = "<group>"; };
		B0301B691D9D50D000B95474 /* AudibleTests.xctest */ = {isa = PBXFileReference; explicitFileType = wrapper.cfbundle; includeInIndex = 0; path = AudibleTests.xctest; sourceTree = BUILT_PRODUCTS_DIR; };
		B0301B6E1D9D50D000B95474 /* Info.plist */ = {isa = PBXFileReference; lastKnownFileType = text.plist.xml; path = Info.plist; sourceTree = "<group>"; };
		B0301B6F1D9D50D000B95474 /* AudibleTests.m */ = {isa = PBXFileReference; lastKnownFileType = sourcecode.c.objc; path = AudibleTests.m; sourceTree = "<group>"; };
		B0301B7B1D9D513200B95474 /* MASCompositeConstraint.h */ = {isa = PBXFileReference; fileEncoding = 4; lastKnownFileType = sourcecode.c.h; path = MASCompositeConstraint.h; sourceTree = "<group>"; };
		B0301B7C1D9D513200B95474 /* MASCompositeConstraint.m */ = {isa = PBXFileReference; fileEncoding = 4; lastKnownFileType = sourcecode.c.objc; path = MASCompositeConstraint.m; sourceTree = "<group>"; };
		B0301B7D1D9D513200B95474 /* MASConstraint.h */ = {isa = PBXFileReference; fileEncoding = 4; lastKnownFileType = sourcecode.c.h; path = MASConstraint.h; sourceTree = "<group>"; };
		B0301B7E1D9D513200B95474 /* MASConstraint.m */ = {isa = PBXFileReference; fileEncoding = 4; lastKnownFileType = sourcecode.c.objc; path = MASConstraint.m; sourceTree = "<group>"; };
		B0301B7F1D9D513200B95474 /* MASConstraint+Private.h */ = {isa = PBXFileReference; fileEncoding = 4; lastKnownFileType = sourcecode.c.h; path = "MASConstraint+Private.h"; sourceTree = "<group>"; };
		B0301B801D9D513200B95474 /* MASConstraintMaker.h */ = {isa = PBXFileReference; fileEncoding = 4; lastKnownFileType = sourcecode.c.h; path = MASConstraintMaker.h; sourceTree = "<group>"; };
		B0301B811D9D513200B95474 /* MASConstraintMaker.m */ = {isa = PBXFileReference; fileEncoding = 4; lastKnownFileType = sourcecode.c.objc; path = MASConstraintMaker.m; sourceTree = "<group>"; };
		B0301B821D9D513200B95474 /* MASLayoutConstraint.h */ = {isa = PBXFileReference; fileEncoding = 4; lastKnownFileType = sourcecode.c.h; path = MASLayoutConstraint.h; sourceTree = "<group>"; };
		B0301B831D9D513200B95474 /* MASLayoutConstraint.m */ = {isa = PBXFileReference; fileEncoding = 4; lastKnownFileType = sourcecode.c.objc; path = MASLayoutConstraint.m; sourceTree = "<group>"; };
		B0301B841D9D513200B95474 /* Masonry.h */ = {isa = PBXFileReference; fileEncoding = 4; lastKnownFileType = sourcecode.c.h; path = Masonry.h; sourceTree = "<group>"; };
		B0301B851D9D513200B95474 /* MASUtilities.h */ = {isa = PBXFileReference; fileEncoding = 4; lastKnownFileType = sourcecode.c.h; path = MASUtilities.h; sourceTree = "<group>"; };
		B0301B861D9D513200B95474 /* MASViewAttribute.h */ = {isa = PBXFileReference; fileEncoding = 4; lastKnownFileType = sourcecode.c.h; path = MASViewAttribute.h; sourceTree = "<group>"; };
		B0301B871D9D513200B95474 /* MASViewAttribute.m */ = {isa = PBXFileReference; fileEncoding = 4; lastKnownFileType = sourcecode.c.objc; path = MASViewAttribute.m; sourceTree = "<group>"; };
		B0301B881D9D513200B95474 /* MASViewConstraint.h */ = {isa = PBXFileReference; fileEncoding = 4; lastKnownFileType = sourcecode.c.h; path = MASViewConstraint.h; sourceTree = "<group>"; };
		B0301B891D9D513200B95474 /* MASViewConstraint.m */ = {isa = PBXFileReference; fileEncoding = 4; lastKnownFileType = sourcecode.c.objc; path = MASViewConstraint.m; sourceTree = "<group>"; };
		B0301B8A1D9D513200B95474 /* NSArray+MASAdditions.h */ = {isa = PBXFileReference; fileEncoding = 4; lastKnownFileType = sourcecode.c.h; path = "NSArray+MASAdditions.h"; sourceTree = "<group>"; };
		B0301B8B1D9D513200B95474 /* NSArray+MASAdditions.m */ = {isa = PBXFileReference; fileEncoding = 4; lastKnownFileType = sourcecode.c.objc; path = "NSArray+MASAdditions.m"; sourceTree = "<group>"; };
		B0301B8C1D9D513200B95474 /* NSArray+MASShorthandAdditions.h */ = {isa = PBXFileReference; fileEncoding = 4; lastKnownFileType = sourcecode.c.h; path = "NSArray+MASShorthandAdditions.h"; sourceTree = "<group>"; };
		B0301B8D1D9D513200B95474 /* NSLayoutConstraint+MASDebugAdditions.h */ = {isa = PBXFileReference; fileEncoding = 4; lastKnownFileType = sourcecode.c.h; path = "NSLayoutConstraint+MASDebugAdditions.h"; sourceTree = "<group>"; };
		B0301B8E1D9D513200B95474 /* NSLayoutConstraint+MASDebugAdditions.m */ = {isa = PBXFileReference; fileEncoding = 4; lastKnownFileType = sourcecode.c.objc; path = "NSLayoutConstraint+MASDebugAdditions.m"; sourceTree = "<group>"; };
		B0301B8F1D9D513200B95474 /* View+MASAdditions.h */ = {isa = PBXFileReference; fileEncoding = 4; lastKnownFileType = sourcecode.c.h; path = "View+MASAdditions.h"; sourceTree = "<group>"; };
		B0301B901D9D513200B95474 /* View+MASAdditions.m */ = {isa = PBXFileReference; fileEncoding = 4; lastKnownFileType = sourcecode.c.objc; path = "View+MASAdditions.m"; sourceTree = "<group>"; };
		B0301B911D9D513200B95474 /* View+MASShorthandAdditions.h */ = {isa = PBXFileReference; fileEncoding = 4; lastKnownFileType = sourcecode.c.h; path = "View+MASShorthandAdditions.h"; sourceTree = "<group>"; };
		B0301B921D9D513200B95474 /* ViewController+MASAdditions.h */ = {isa = PBXFileReference; fileEncoding = 4; lastKnownFileType = sourcecode.c.h; path = "ViewController+MASAdditions.h"; sourceTree = "<group>"; };
		B0301B931D9D513200B95474 /* ViewController+MASAdditions.m */ = {isa = PBXFileReference; fileEncoding = 4; lastKnownFileType = sourcecode.c.objc; path = "ViewController+MASAdditions.m"; sourceTree = "<group>"; };
		B0301BA11D9D566400B95474 /* PageCell.h */ = {isa = PBXFileReference; fileEncoding = 4; lastKnownFileType = sourcecode.c.h; path = PageCell.h; sourceTree = "<group>"; };
		B0301BA21D9D566400B95474 /* PageCell.m */ = {isa = PBXFileReference; fileEncoding = 4; lastKnownFileType = sourcecode.c.objc; path = PageCell.m; sourceTree = "<group>"; };
		B0301BA51D9D5FA200B95474 /* Page.h */ = {isa = PBXFileReference; fileEncoding = 4; lastKnownFileType = sourcecode.c.h; path = Page.h; sourceTree = "<group>"; };
		B0301BA61D9D5FA200B95474 /* Page.m */ = {isa = PBXFileReference; fileEncoding = 4; lastKnownFileType = sourcecode.c.objc; path = Page.m; sourceTree = "<group>"; };
		B033CAA51D9FCE0D00C89856 /* MainController.h */ = {isa = PBXFileReference; fileEncoding = 4; lastKnownFileType = sourcecode.c.h; path = MainController.h; sourceTree = "<group>"; };
		B033CAA61D9FCE0D00C89856 /* MainController.m */ = {isa = PBXFileReference; fileEncoding = 4; lastKnownFileType = sourcecode.c.objc; path = MainController.m; sourceTree = "<group>"; };
		B033CAA81D9FD2D200C89856 /* HomeController.h */ = {isa = PBXFileReference; fileEncoding = 4; lastKnownFileType = sourcecode.c.h; path = HomeController.h; sourceTree = "<group>"; };
		B033CAA91D9FD2D200C89856 /* HomeController.m */ = {isa = PBXFileReference; fileEncoding = 4; lastKnownFileType = sourcecode.c.objc; path = HomeController.m; sourceTree = "<group>"; };
		B053E5CE1D9EAF81006A4FC7 /* LoginCell.h */ = {isa = PBXFileReference; fileEncoding = 4; lastKnownFileType = sourcecode.c.h; path = LoginCell.h; sourceTree = "<group>"; };
		B053E5CF1D9EAF81006A4FC7 /* LoginCell.m */ = {isa = PBXFileReference; fileEncoding = 4; lastKnownFileType = sourcecode.c.objc; path = LoginCell.m; sourceTree = "<group>"; };
		B053E5D21D9EBC11006A4FC7 /* LeftPaddingTextField.h */ = {isa = PBXFileReference; fileEncoding = 4; lastKnownFileType = sourcecode.c.h; path = LeftPaddingTextField.h; sourceTree = "<group>"; };
		B053E5D31D9EBC11006A4FC7 /* LeftPaddingTextField.m */ = {isa = PBXFileReference; fileEncoding = 4; lastKnownFileType = sourcecode.c.objc; path = LeftPaddingTextField.m; sourceTree = "<group>"; };
/* End PBXFileReference section */

/* Begin PBXFrameworksBuildPhase section */
		B0301B4D1D9D50CF00B95474 /* Frameworks */ = {
			isa = PBXFrameworksBuildPhase;
			buildActionMask = 2147483647;
			files = (
			);
			runOnlyForDeploymentPostprocessing = 0;
		};
		B0301B661D9D50D000B95474 /* Frameworks */ = {
			isa = PBXFrameworksBuildPhase;
			buildActionMask = 2147483647;
			files = (
			);
			runOnlyForDeploymentPostprocessing = 0;
		};
/* End PBXFrameworksBuildPhase section */

/* Begin PBXGroup section */
		B0301B471D9D50CF00B95474 = {
			isa = PBXGroup;
			children = (
				B0301B521D9D50CF00B95474 /* Audible */,
				B0301B6C1D9D50D000B95474 /* AudibleTests */,
				B0301B511D9D50CF00B95474 /* Products */,
			);
			sourceTree = "<group>";
		};
		B0301B511D9D50CF00B95474 /* Products */ = {
			isa = PBXGroup;
			children = (
				B0301B501D9D50CF00B95474 /* Audible.app */,
				B0301B691D9D50D000B95474 /* AudibleTests.xctest */,
			);
			name = Products;
			sourceTree = "<group>";
		};
		B0301B521D9D50CF00B95474 /* Audible */ = {
			isa = PBXGroup;
			children = (
				B0301BA41D9D5F8700B95474 /* Models */,
				B0301B9F1D9D562D00B95474 /* Controllers */,
				B0301B9E1D9D562000B95474 /* Views */,
				B0301B791D9D50DE00B95474 /* Libraries */,
				B0301B5D1D9D50CF00B95474 /* Main.storyboard */,
				B0301B601D9D50CF00B95474 /* Images.xcassets */,
				B0301B621D9D50CF00B95474 /* LaunchScreen.xib */,
				B0301B531D9D50CF00B95474 /* Supporting Files */,
			);
			path = Audible;
			sourceTree = "<group>";
		};
		B0301B531D9D50CF00B95474 /* Supporting Files */ = {
			isa = PBXGroup;
			children = (
				B0301B541D9D50CF00B95474 /* Info.plist */,
				B0301B551D9D50CF00B95474 /* main.m */,
			);
			name = "Supporting Files";
			sourceTree = "<group>";
		};
		B0301B6C1D9D50D000B95474 /* AudibleTests */ = {
			isa = PBXGroup;
			children = (
				B0301B6F1D9D50D000B95474 /* AudibleTests.m */,
				B0301B6D1D9D50D000B95474 /* Supporting Files */,
			);
			path = AudibleTests;
			sourceTree = "<group>";
		};
		B0301B6D1D9D50D000B95474 /* Supporting Files */ = {
			isa = PBXGroup;
			children = (
				B0301B6E1D9D50D000B95474 /* Info.plist */,
			);
			name = "Supporting Files";
			sourceTree = "<group>";
		};
		B0301B791D9D50DE00B95474 /* Libraries */ = {
			isa = PBXGroup;
			children = (
				B0301B7A1D9D50F100B95474 /* Layout */,
			);
			name = Libraries;
			sourceTree = "<group>";
		};
		B0301B7A1D9D50F100B95474 /* Layout */ = {
			isa = PBXGroup;
			children = (
				B0301B7B1D9D513200B95474 /* MASCompositeConstraint.h */,
				B0301B7C1D9D513200B95474 /* MASCompositeConstraint.m */,
				B0301B7D1D9D513200B95474 /* MASConstraint.h */,
				B0301B7E1D9D513200B95474 /* MASConstraint.m */,
				B0301B7F1D9D513200B95474 /* MASConstraint+Private.h */,
				B0301B801D9D513200B95474 /* MASConstraintMaker.h */,
				B0301B811D9D513200B95474 /* MASConstraintMaker.m */,
				B0301B821D9D513200B95474 /* MASLayoutConstraint.h */,
				B0301B831D9D513200B95474 /* MASLayoutConstraint.m */,
				B0301B841D9D513200B95474 /* Masonry.h */,
				B0301B851D9D513200B95474 /* MASUtilities.h */,
				B0301B861D9D513200B95474 /* MASViewAttribute.h */,
				B0301B871D9D513200B95474 /* MASViewAttribute.m */,
				B0301B881D9D513200B95474 /* MASViewConstraint.h */,
				B0301B891D9D513200B95474 /* MASViewConstraint.m */,
				B0301B8A1D9D513200B95474 /* NSArray+MASAdditions.h */,
				B0301B8B1D9D513200B95474 /* NSArray+MASAdditions.m */,
				B0301B8C1D9D513200B95474 /* NSArray+MASShorthandAdditions.h */,
				B0301B8D1D9D513200B95474 /* NSLayoutConstraint+MASDebugAdditions.h */,
				B0301B8E1D9D513200B95474 /* NSLayoutConstraint+MASDebugAdditions.m */,
				B0301B8F1D9D513200B95474 /* View+MASAdditions.h */,
				B0301B901D9D513200B95474 /* View+MASAdditions.m */,
				B0301B911D9D513200B95474 /* View+MASShorthandAdditions.h */,
				B0301B921D9D513200B95474 /* ViewController+MASAdditions.h */,
				B0301B931D9D513200B95474 /* ViewController+MASAdditions.m */,
			);
			name = Layout;
			sourceTree = "<group>";
		};
		B0301B9E1D9D562000B95474 /* Views */ = {
			isa = PBXGroup;
			children = (
				B053E5D11D9EBBEB006A4FC7 /* CustomViews */,
				B0301BA01D9D564400B95474 /* PageCell */,
			);
			name = Views;
			sourceTree = "<group>";
		};
		B0301B9F1D9D562D00B95474 /* Controllers */ = {
			isa = PBXGroup;
			children = (
				B0301B571D9D50CF00B95474 /* AppDelegate.h */,
				B0301B581D9D50CF00B95474 /* AppDelegate.m */,
				B0301B5A1D9D50CF00B95474 /* LoginController.h */,
				B0301B5B1D9D50CF00B95474 /* LoginController.m */,
				B033CAA51D9FCE0D00C89856 /* MainController.h */,
				B033CAA61D9FCE0D00C89856 /* MainController.m */,
				B033CAA81D9FD2D200C89856 /* HomeController.h */,
				B033CAA91D9FD2D200C89856 /* HomeController.m */,
			);
			name = Controllers;
			sourceTree = "<group>";
		};
		B0301BA01D9D564400B95474 /* PageCell */ = {
			isa = PBXGroup;
			children = (
				B0301BA11D9D566400B95474 /* PageCell.h */,
				B0301BA21D9D566400B95474 /* PageCell.m */,
				B053E5CE1D9EAF81006A4FC7 /* LoginCell.h */,
				B053E5CF1D9EAF81006A4FC7 /* LoginCell.m */,
			);
			name = PageCell;
			sourceTree = "<group>";
		};
		B0301BA41D9D5F8700B95474 /* Models */ = {
			isa = PBXGroup;
			children = (
				B0301BA51D9D5FA200B95474 /* Page.h */,
				B0301BA61D9D5FA200B95474 /* Page.m */,
			);
			name = Models;
			sourceTree = "<group>";
		};
		B053E5D11D9EBBEB006A4FC7 /* CustomViews */ = {
			isa = PBXGroup;
			children = (
				B053E5D21D9EBC11006A4FC7 /* LeftPaddingTextField.h */,
				B053E5D31D9EBC11006A4FC7 /* LeftPaddingTextField.m */,
			);
			name = CustomViews;
			sourceTree = "<group>";
		};
/* End PBXGroup section */

/* Begin PBXNativeTarget section */
		B0301B4F1D9D50CF00B95474 /* Audible */ = {
			isa = PBXNativeTarget;
			buildConfigurationList = B0301B731D9D50D000B95474 /* Build configuration list for PBXNativeTarget "Audible" */;
			buildPhases = (
				B0301B4C1D9D50CF00B95474 /* Sources */,
				B0301B4D1D9D50CF00B95474 /* Frameworks */,
				B0301B4E1D9D50CF00B95474 /* Resources */,
			);
			buildRules = (
			);
			dependencies = (
			);
			name = Audible;
			productName = Audible;
			productReference = B0301B501D9D50CF00B95474 /* Audible.app */;
			productType = "com.apple.product-type.application";
		};
		B0301B681D9D50D000B95474 /* AudibleTests */ = {
			isa = PBXNativeTarget;
			buildConfigurationList = B0301B761D9D50D000B95474 /* Build configuration list for PBXNativeTarget "AudibleTests" */;
			buildPhases = (
				B0301B651D9D50D000B95474 /* Sources */,
				B0301B661D9D50D000B95474 /* Frameworks */,
				B0301B671D9D50D000B95474 /* Resources */,
			);
			buildRules = (
			);
			dependencies = (
				B0301B6B1D9D50D000B95474 /* PBXTargetDependency */,
			);
			name = AudibleTests;
			productName = AudibleTests;
			productReference = B0301B691D9D50D000B95474 /* AudibleTests.xctest */;
			productType = "com.apple.product-type.bundle.unit-test";
		};
/* End PBXNativeTarget section */

/* Begin PBXProject section */
		B0301B481D9D50CF00B95474 /* Project object */ = {
			isa = PBXProject;
			attributes = {
				LastUpgradeCheck = 0620;
				ORGANIZATIONNAME = "Doan Dat";
				TargetAttributes = {
					B0301B4F1D9D50CF00B95474 = {
						CreatedOnToolsVersion = 6.2;
						DevelopmentTeam = ZG99VG9ZGY;
					};
					B0301B681D9D50D000B95474 = {
						CreatedOnToolsVersion = 6.2;
						TestTargetID = B0301B4F1D9D50CF00B95474;
					};
				};
			};
			buildConfigurationList = B0301B4B1D9D50CF00B95474 /* Build configuration list for PBXProject "Audible" */;
			compatibilityVersion = "Xcode 3.2";
			developmentRegion = English;
			hasScannedForEncodings = 0;
			knownRegions = (
				en,
				Base,
			);
			mainGroup = B0301B471D9D50CF00B95474;
			productRefGroup = B0301B511D9D50CF00B95474 /* Products */;
			projectDirPath = "";
			projectRoot = "";
			targets = (
				B0301B4F1D9D50CF00B95474 /* Audible */,
				B0301B681D9D50D000B95474 /* AudibleTests */,
			);
		};
/* End PBXProject section */

/* Begin PBXResourcesBuildPhase section */
		B0301B4E1D9D50CF00B95474 /* Resources */ = {
			isa = PBXResourcesBuildPhase;
			buildActionMask = 2147483647;
			files = (
				B0301B5F1D9D50CF00B95474 /* Main.storyboard in Resources */,
				B0301B641D9D50CF00B95474 /* LaunchScreen.xib in Resources */,
				B0301B611D9D50CF00B95474 /* Images.xcassets in Resources */,
			);
			runOnlyForDeploymentPostprocessing = 0;
		};
		B0301B671D9D50D000B95474 /* Resources */ = {
			isa = PBXResourcesBuildPhase;
			buildActionMask = 2147483647;
			files = (
			);
			runOnlyForDeploymentPostprocessing = 0;
		};
/* End PBXResourcesBuildPhase section */

/* Begin PBXSourcesBuildPhase section */
		B0301B4C1D9D50CF00B95474 /* Sources */ = {
			isa = PBXSourcesBuildPhase;
			buildActionMask = 2147483647;
			files = (
				B0301BA71D9D5FA200B95474 /* Page.m in Sources */,
				B033CAAA1D9FD2D200C89856 /* HomeController.m in Sources */,
				B0301B9B1D9D513200B95474 /* NSLayoutConstraint+MASDebugAdditions.m in Sources */,
				B0301B991D9D513200B95474 /* MASViewConstraint.m in Sources */,
				B0301B941D9D513200B95474 /* MASCompositeConstraint.m in Sources */,
				B0301B9A1D9D513200B95474 /* NSArray+MASAdditions.m in Sources */,
				B0301B5C1D9D50CF00B95474 /* LoginController.m in Sources */,
				B0301B591D9D50CF00B95474 /* AppDelegate.m in Sources */,
				B053E5D41D9EBC11006A4FC7 /* LeftPaddingTextField.m in Sources */,
				B0301B971D9D513200B95474 /* MASLayoutConstraint.m in Sources */,
				B0301B561D9D50CF00B95474 /* main.m in Sources */,
				B033CAA71D9FCE0D00C89856 /* MainController.m in Sources */,
				B0301B9D1D9D513200B95474 /* ViewController+MASAdditions.m in Sources */,
				B0301B9C1D9D513200B95474 /* View+MASAdditions.m in Sources */,
				B0301BA31D9D566400B95474 /* PageCell.m in Sources */,
				B0301B981D9D513200B95474 /* MASViewAttribute.m in Sources */,
				B0301B951D9D513200B95474 /* MASConstraint.m in Sources */,
				B0301B961D9D513200B95474 /* MASConstraintMaker.m in Sources */,
				B053E5D01D9EAF81006A4FC7 /* LoginCell.m in Sources */,
			);
			runOnlyForDeploymentPostprocessing = 0;
		};
		B0301B651D9D50D000B95474 /* Sources */ = {
			isa = PBXSourcesBuildPhase;
			buildActionMask = 2147483647;
			files = (
				B0301B701D9D50D000B95474 /* AudibleTests.m in Sources */,
			);
			runOnlyForDeploymentPostprocessing = 0;
		};
/* End PBXSourcesBuildPhase section */

/* Begin PBXTargetDependency section */
		B0301B6B1D9D50D000B95474 /* PBXTargetDependency */ = {
			isa = PBXTargetDependency;
			target = B0301B4F1D9D50CF00B95474 /* Audible */;
			targetProxy = B0301B6A1D9D50D000B95474 /* PBXContainerItemProxy */;
		};
/* End PBXTargetDependency section */

/* Begin PBXVariantGroup section */
		B0301B5D1D9D50CF00B95474 /* Main.storyboard */ = {
			isa = PBXVariantGroup;
			children = (
				B0301B5E1D9D50CF00B95474 /* Base */,
			);
			name = Main.storyboard;
			sourceTree = "<group>";
		};
		B0301B621D9D50CF00B95474 /* LaunchScreen.xib */ = {
			isa = PBXVariantGroup;
			children = (
				B0301B631D9D50CF00B95474 /* Base */,
			);
			name = LaunchScreen.xib;
			sourceTree = "<group>";
		};
/* End PBXVariantGroup section */

/* Begin XCBuildConfiguration section */
		B0301B711D9D50D000B95474 /* Debug */ = {
			isa = XCBuildConfiguration;
			buildSettings = {
				ALWAYS_SEARCH_USER_PATHS = NO;
				CLANG_CXX_LANGUAGE_STANDARD = "gnu++0x";
				CLANG_CXX_LIBRARY = "libc++";
				CLANG_ENABLE_MODULES = YES;
				CLANG_ENABLE_OBJC_ARC = YES;
				CLANG_WARN_BOOL_CONVERSION = YES;
				CLANG_WARN_CONSTANT_CONVERSION = YES;
				CLANG_WARN_DIRECT_OBJC_ISA_USAGE = YES_ERROR;
				CLANG_WARN_EMPTY_BODY = YES;
				CLANG_WARN_ENUM_CONVERSION = YES;
				CLANG_WARN_INT_CONVERSION = YES;
				CLANG_WARN_OBJC_ROOT_CLASS = YES_ERROR;
				CLANG_WARN_UNREACHABLE_CODE = YES;
				CLANG_WARN__DUPLICATE_METHOD_MATCH = YES;
				"CODE_SIGN_IDENTITY[sdk=iphoneos*]" = "iPhone Developer";
				COPY_PHASE_STRIP = NO;
				ENABLE_STRICT_OBJC_MSGSEND = YES;
				GCC_C_LANGUAGE_STANDARD = gnu99;
				GCC_DYNAMIC_NO_PIC = NO;
				GCC_OPTIMIZATION_LEVEL = 0;
				GCC_PREPROCESSOR_DEFINITIONS = (
					"DEBUG=1",
					"$(inherited)",
				);
				GCC_SYMBOLS_PRIVATE_EXTERN = NO;
				GCC_WARN_64_TO_32_BIT_CONVERSION = YES;
				GCC_WARN_ABOUT_RETURN_TYPE = YES_ERROR;
				GCC_WARN_UNDECLARED_SELECTOR = YES;
				GCC_WARN_UNINITIALIZED_AUTOS = YES_AGGRESSIVE;
				GCC_WARN_UNUSED_FUNCTION = YES;
				GCC_WARN_UNUSED_VARIABLE = YES;
				IPHONEOS_DEPLOYMENT_TARGET = 8.2;
				MTL_ENABLE_DEBUG_INFO = YES;
				ONLY_ACTIVE_ARCH = YES;
				SDKROOT = iphoneos;
			};
			name = Debug;
		};
		B0301B721D9D50D000B95474 /* Release */ = {
			isa = XCBuildConfiguration;
			buildSettings = {
				ALWAYS_SEARCH_USER_PATHS = NO;
				CLANG_CXX_LANGUAGE_STANDARD = "gnu++0x";
				CLANG_CXX_LIBRARY = "libc++";
				CLANG_ENABLE_MODULES = YES;
				CLANG_ENABLE_OBJC_ARC = YES;
				CLANG_WARN_BOOL_CONVERSION = YES;
				CLANG_WARN_CONSTANT_CONVERSION = YES;
				CLANG_WARN_DIRECT_OBJC_ISA_USAGE = YES_ERROR;
				CLANG_WARN_EMPTY_BODY = YES;
				CLANG_WARN_ENUM_CONVERSION = YES;
				CLANG_WARN_INT_CONVERSION = YES;
				CLANG_WARN_OBJC_ROOT_CLASS = YES_ERROR;
				CLANG_WARN_UNREACHABLE_CODE = YES;
				CLANG_WARN__DUPLICATE_METHOD_MATCH = YES;
				"CODE_SIGN_IDENTITY[sdk=iphoneos*]" = "iPhone Developer";
				COPY_PHASE_STRIP = NO;
				ENABLE_NS_ASSERTIONS = NO;
				ENABLE_STRICT_OBJC_MSGSEND = YES;
				GCC_C_LANGUAGE_STANDARD = gnu99;
				GCC_WARN_64_TO_32_BIT_CONVERSION = YES;
				GCC_WARN_ABOUT_RETURN_TYPE = YES_ERROR;
				GCC_WARN_UNDECLARED_SELECTOR = YES;
				GCC_WARN_UNINITIALIZED_AUTOS = YES_AGGRESSIVE;
				GCC_WARN_UNUSED_FUNCTION = YES;
				GCC_WARN_UNUSED_VARIABLE = YES;
				IPHONEOS_DEPLOYMENT_TARGET = 8.2;
				MTL_ENABLE_DEBUG_INFO = NO;
				SDKROOT = iphoneos;
				VALIDATE_PRODUCT = YES;
			};
			name = Release;
		};
		B0301B741D9D50D000B95474 /* Debug */ = {
			isa = XCBuildConfiguration;
			buildSettings = {
				ASSETCATALOG_COMPILER_APPICON_NAME = AppIcon;
				CODE_SIGN_IDENTITY = "iPhone Developer";
				INFOPLIST_FILE = Audible/Info.plist;
				LD_RUNPATH_SEARCH_PATHS = "$(inherited) @executable_path/Frameworks";
				PRODUCT_NAME = "$(TARGET_NAME)";
			};
			name = Debug;
		};
		B0301B751D9D50D000B95474 /* Release */ = {
			isa = XCBuildConfiguration;
			buildSettings = {
				ASSETCATALOG_COMPILER_APPICON_NAME = AppIcon;
				CODE_SIGN_IDENTITY = "iPhone Developer";
				INFOPLIST_FILE = Audible/Info.plist;
				LD_RUNPATH_SEARCH_PATHS = "$(inherited) @executable_path/Frameworks";
				PRODUCT_NAME = "$(TARGET_NAME)";
			};
			name = Release;
		};
		B0301B771D9D50D000B95474 /* Debug */ = {
			isa = XCBuildConfiguration;
			buildSettings = {
				BUNDLE_LOADER = "$(TEST_HOST)";
				FRAMEWORK_SEARCH_PATHS = (
					"$(SDKROOT)/Developer/Library/Frameworks",
					"$(inherited)",
				);
				GCC_PREPROCESSOR_DEFINITIONS = (
					"DEBUG=1",
					"$(inherited)",
				);
				INFOPLIST_FILE = AudibleTests/Info.plist;
				LD_RUNPATH_SEARCH_PATHS = "$(inherited) @executable_path/Frameworks @loader_path/Frameworks";
				PRODUCT_NAME = "$(TARGET_NAME)";
				TEST_HOST = "$(BUILT_PRODUCTS_DIR)/Audible.app/Audible";
			};
			name = Debug;
		};
		B0301B781D9D50D000B95474 /* Release */ = {
			isa = XCBuildConfiguration;
			buildSettings = {
				BUNDLE_LOADER = "$(TEST_HOST)";
				FRAMEWORK_SEARCH_PATHS = (
					"$(SDKROOT)/Developer/Library/Frameworks",
					"$(inherited)",
				);
				INFOPLIST_FILE = AudibleTests/Info.plist;
				LD_RUNPATH_SEARCH_PATHS = "$(inherited) @executable_path/Frameworks @loader_path/Frameworks";
				PRODUCT_NAME = "$(TARGET_NAME)";
				TEST_HOST = "$(BUILT_PRODUCTS_DIR)/Audible.app/Audible";
			};
			name = Release;
		};
/* End XCBuildConfiguration section */

/* Begin XCConfigurationList section */
		B0301B4B1D9D50CF00B95474 /* Build configuration list for PBXProject "Audible" */ = {
			isa = XCConfigurationList;
			buildConfigurations = (
				B0301B711D9D50D000B95474 /* Debug */,
				B0301B721D9D50D000B95474 /* Release */,
			);
			defaultConfigurationIsVisible = 0;
			defaultConfigurationName = Release;
		};
		B0301B731D9D50D000B95474 /* Build configuration list for PBXNativeTarget "Audible" */ = {
			isa = XCConfigurationList;
			buildConfigurations = (
				B0301B741D9D50D000B95474 /* Debug */,
				B0301B751D9D50D000B95474 /* Release */,
			);
			defaultConfigurationIsVisible = 0;
			defaultConfigurationName = Release;
		};
		B0301B761D9D50D000B95474 /* Build configuration list for PBXNativeTarget "AudibleTests" */ = {
			isa = XCConfigurationList;
			buildConfigurations = (
				B0301B771D9D50D000B95474 /* Debug */,
				B0301B781D9D50D000B95474 /* Release */,
			);
			defaultConfigurationIsVisible = 0;
			defaultConfigurationName = Release;
		};
/* End XCConfigurationList section */
	};
	rootObject = B0301B481D9D50CF00B95474 /* Project object */;
}
